
Microsoft Visual Studio Solution File, Format Version 12.00
# Visual Studio Version 17
VisualStudioVersion = 17.0.31903.59
MinimumVisualStudioVersion = 10.0.40219.1
Project("{FAE04EC0-301F-11D3-BF4B-00C04F79EFBC}") = "ClinicApp.DTO", "ClinicApp.DTO\ClinicApp.DTO.csproj", "{CF7BCDE9-839A-4176-BA8C-8AD614604163}"
EndProject
Project("{FAE04EC0-301F-11D3-BF4B-00C04F79EFBC}") = "ClinicApp.DAL", "ClinicApp.DAL\ClinicApp.DAL.csproj", "{CEDD6B33-70C1-49D6-B555-A6F9F969821F}"
EndProject
Project("{FAE04EC0-301F-11D3-BF4B-00C04F79EFBC}") = "ClinicApp.BLL", "ClinicApp.BLL\ClinicApp.BLL.csproj", "{E07BC92B-7FB9-4FDB-A1BC-7C5DF71C3695}"
EndProject
Project("{FAE04EC0-301F-11D3-BF4B-00C04F79EFBC}") = "ClinicApp.GUI", "ClinicApp.GUI\ClinicApp.GUI.csproj", "{6152AF7A-52B1-4246-841A-95B369CC6F77}"
EndProject
Global
	GlobalSection(SolutionConfigurationPlatforms) = preSolution
		Debug|Any CPU = Debug|Any CPU
		Debug|x64 = Debug|x64
		Debug|x86 = Debug|x86
		Release|Any CPU = Release|Any CPU
		Release|x64 = Release|x64
		Release|x86 = Release|x86
	EndGlobalSection
	GlobalSection(ProjectConfigurationPlatforms) = postSolution
		{CF7BCDE9-839A-4176-BA8C-8AD614604163}.Debug|Any CPU.ActiveCfg = Debug|Any CPU
		{CF7BCDE9-839A-4176-BA8C-8AD614604163}.Debug|Any CPU.Build.0 = Debug|Any CPU
		{CF7BCDE9-839A-4176-BA8C-8AD614604163}.Debug|x64.ActiveCfg = Debug|Any CPU
		{CF7BCDE9-839A-4176-BA8C-8AD614604163}.Debug|x64.Build.0 = Debug|Any CPU
		{CF7BCDE9-839A-4176-BA8C-8AD614604163}.Debug|x86.ActiveCfg = Debug|Any CPU
		{CF7BCDE9-839A-4176-BA8C-8AD614604163}.Debug|x86.Build.0 = Debug|Any CPU
		{CF7BCDE9-839A-4176-BA8C-8AD614604163}.Release|Any CPU.ActiveCfg = Release|Any CPU
		{CF7BCDE9-839A-4176-BA8C-8AD614604163}.Release|Any CPU.Build.0 = Release|Any CPU
		{CF7BCDE9-839A-4176-BA8C-8AD614604163}.Release|x64.ActiveCfg = Release|Any CPU
		{CF7BCDE9-839A-4176-BA8C-8AD614604163}.Release|x64.Build.0 = Release|Any CPU
		{CF7BCDE9-839A-4176-BA8C-8AD614604163}.Release|x86.ActiveCfg = Release|Any CPU
		{CF7BCDE9-839A-4176-BA8C-8AD614604163}.Release|x86.Build.0 = Release|Any CPU
		{CEDD6B33-70C1-49D6-B555-A6F9F969821F}.Debug|Any CPU.ActiveCfg = Debug|Any CPU
		{CEDD6B33-70C1-49D6-B555-A6F9F969821F}.Debug|Any CPU.Build.0 = Debug|Any CPU
		{CEDD6B33-70C1-49D6-B555-A6F9F969821F}.Debug|x64.ActiveCfg = Debug|Any CPU
		{CEDD6B33-70C1-49D6-B555-A6F9F969821F}.Debug|x64.Build.0 = Debug|Any CPU
		{CEDD6B33-70C1-49D6-B555-A6F9F969821F}.Debug|x86.ActiveCfg = Debug|Any CPU
		{CEDD6B33-70C1-49D6-B555-A6F9F969821F}.Debug|x86.Build.0 = Debug|Any CPU
		{CEDD6B33-70C1-49D6-B555-A6F9F969821F}.Release|Any CPU.ActiveCfg = Release|Any CPU
		{CEDD6B33-70C1-49D6-B555-A6F9F969821F}.Release|Any CPU.Build.0 = Release|Any CPU
		{CEDD6B33-70C1-49D6-B555-A6F9F969821F}.Release|x64.ActiveCfg = Release|Any CPU
		{CEDD6B33-70C1-49D6-B555-A6F9F969821F}.Release|x64.Build.0 = Release|Any CPU
		{CEDD6B33-70C1-49D6-B555-A6F9F969821F}.Release|x86.ActiveCfg = Release|Any CPU
		{CEDD6B33-70C1-49D6-B555-A6F9F969821F}.Release|x86.Build.0 = Release|Any CPU
		{E07BC92B-7FB9-4FDB-A1BC-7C5DF71C3695}.Debug|Any CPU.ActiveCfg = Debug|Any CPU
		{E07BC92B-7FB9-4FDB-A1BC-7C5DF71C3695}.Debug|Any CPU.Build.0 = Debug|Any CPU
		{E07BC92B-7FB9-4FDB-A1BC-7C5DF71C3695}.Debug|x64.ActiveCfg = Debug|Any CPU
		{E07BC92B-7FB9-4FDB-A1BC-7C5DF71C3695}.Debug|x64.Build.0 = Debug|Any CPU
		{E07BC92B-7FB9-4FDB-A1BC-7C5DF71C3695}.Debug|x86.ActiveCfg = Debug|Any CPU
		{E07BC92B-7FB9-4FDB-A1BC-7C5DF71C3695}.Debug|x86.Build.0 = Debug|Any CPU
		{E07BC92B-7FB9-4FDB-A1BC-7C5DF71C3695}.Release|Any CPU.ActiveCfg = Release|Any CPU
		{E07BC92B-7FB9-4FDB-A1BC-7C5DF71C3695}.Release|Any CPU.Build.0 = Release|Any CPU
		{E07BC92B-7FB9-4FDB-A1BC-7C5DF71C3695}.Release|x64.ActiveCfg = Release|Any CPU
		{E07BC92B-7FB9-4FDB-A1BC-7C5DF71C3695}.Release|x64.Build.0 = Release|Any CPU
		{E07BC92B-7FB9-4FDB-A1BC-7C5DF71C3695}.Release|x86.ActiveCfg = Release|Any CPU
		{E07BC92B-7FB9-4FDB-A1BC-7C5DF71C3695}.Release|x86.Build.0 = Release|Any CPU
		{6152AF7A-52B1-4246-841A-95B369CC6F77}.Debug|Any CPU.ActiveCfg = Debug|Any CPU
		{6152AF7A-52B1-4246-841A-95B369CC6F77}.Debug|Any CPU.Build.0 = Debug|Any CPU
		{6152AF7A-52B1-4246-841A-95B369CC6F77}.Debug|x64.ActiveCfg = Debug|Any CPU
		{6152AF7A-52B1-4246-841A-95B369CC6F77}.Debug|x64.Build.0 = Debug|Any CPU
		{6152AF7A-52B1-4246-841A-95B369CC6F77}.Debug|x86.ActiveCfg = Debug|Any CPU
		{6152AF7A-52B1-4246-841A-95B369CC6F77}.Debug|x86.Build.0 = Debug|Any CPU
		{6152AF7A-52B1-4246-841A-95B369CC6F77}.Release|Any CPU.ActiveCfg = Release|Any CPU
		{6152AF7A-52B1-4246-841A-95B369CC6F77}.Release|Any CPU.Build.0 = Release|Any CPU
		{6152AF7A-52B1-4246-841A-95B369CC6F77}.Release|x64.ActiveCfg = Release|Any CPU
		{6152AF7A-52B1-4246-841A-95B369CC6F77}.Release|x64.Build.0 = Release|Any CPU
		{6152AF7A-52B1-4246-841A-95B369CC6F77}.Release|x86.ActiveCfg = Release|Any CPU
		{6152AF7A-52B1-4246-841A-95B369CC6F77}.Release|x86.Build.0 = Release|Any CPU
	EndGlobalSection
	GlobalSection(SolutionProperties) = preSolution
		HideSolutionNode = FALSE
	EndGlobalSection
EndGlobal
